{
    "_readme": [
        "This file locks the dependencies of your project to a known state",
        "Read more about it at https://getcomposer.org/doc/01-basic-usage.md#installing-dependencies",
        "This file is @generated automatically"
    ],
    "content-hash": "a573ed0ee870f9c2e2a357203f90b55e",
    "packages": [
        {
            "name": "php/phptools",
            "version": "dev-main",
            "source": {
                "type": "git",
                "url": "git@github.com:poncho31/PhpTools.git",
                "reference": "66dc71af1f57d58f40181aa531e76c76356f8fb3"
            },
            "dist": {
                "type": "zip",
                "url": "https://api.github.com/repos/poncho31/PhpTools/zipball/66dc71af1f57d58f40181aa531e76c76356f8fb3",
                "reference": "66dc71af1f57d58f40181aa531e76c76356f8fb3",
                "shasum": ""
            },
            "require": {
                "ext-curl": "*",
                "ext-json": "*",
                "ext-pdo": "*",
                "ext-sqlite3": "*",
                "php": "8.3.1"
            },
            "default-branch": true,
            "type": "library",
            "autoload": {
                "psr-4": {
                    "phptools\\": "src/"
                }
            },
            "description": "Just php tools",
            "support": {
                "source": "https://github.com/poncho31/PhpTools/tree/main",
                "issues": "https://github.com/poncho31/PhpTools/issues"
            },
            "time": "2024-03-07T21:40:47+00:00"
        }
    ],
    "packages-dev": [],
    "aliases": [],
    "minimum-stability": "stable",
    "stability-flags": {
        "php/phptools": 20
    },
    "prefer-stable": false,
    "prefer-lowest": false,
    "platform": {
        "php": "8.3.1",
        "ext-curl": "*",
        "ext-json": "*",
        "ext-pdo": "*",
        "ext-sqlite3": "*"
    },
    "platform-dev": [],
    "plugin-api-version": "2.6.0"
}
